
Microsoft Visual Studio Solution File, Format Version 12.00
# Visual Studio Version 17
VisualStudioVersion = 17.8.34408.163
MinimumVisualStudioVersion = 10.0.40219.1
Project("{FAE04EC0-301F-11D3-BF4B-00C04F79EFBC}") = "Zadatak5", "Zadatak5\Zadatak5.csproj", "{EAB07898-0683-4F09-AD43-8BB3903E1097}"
EndProject
Global
	GlobalSection(SolutionConfigurationPlatforms) = preSolution
		Debug|Any CPU = Debug|Any CPU
		Release|Any CPU = Release|Any CPU
	EndGlobalSection
	GlobalSection(ProjectConfigurationPlatforms) = postSolution
		{EAB07898-0683-4F09-AD43-8BB3903E1097}.Debug|Any CPU.ActiveCfg = Debug|Any CPU
		{EAB07898-0683-4F09-AD43-8BB3903E1097}.Debug|Any CPU.Build.0 = Debug|Any CPU
		{EAB07898-0683-4F09-AD43-8BB3903E1097}.Release|Any CPU.ActiveCfg = Release|Any CPU
		{EAB07898-0683-4F09-AD43-8BB3903E1097}.Release|Any CPU.Build.0 = Release|Any CPU
	EndGlobalSection
	GlobalSection(SolutionProperties) = preSolution
		HideSolutionNode = FALSE
	EndGlobalSection
	GlobalSection(ExtensibilityGlobals) = postSolution
		SolutionGuid = {A00E33C3-47D4-473E-9F13-D981C3095E9A}
	EndGlobalSection
EndGlobal
